# This file is automatically @generated by Cargo.
# It is not intended for manual editing.
version = 4

[[package]]
name = "anyhow"
version = "1.0.99"
source = "registry+https://github.com/rust-lang/crates.io-index"
checksum = "b0674a1ddeecb70197781e945de4b3b8ffb61fa939a5597bcf48503737663100"

[[package]]
name = "bhrt"
version = "0.1.0"
dependencies = [
 "bytemuck",
 "constant-product-curve",
 "pinocchio",
 "pinocchio-system",
 "pinocchio-token-2022",
 "shank",
]

[[package]]
name = "bytemuck"
version = "1.23.2"
source = "registry+https://github.com/rust-lang/crates.io-index"
checksum = "3995eaeebcdf32f91f980d360f78732ddc061097ab4e39991ae7a6ace9194677"
dependencies = [
 "bytemuck_derive",
]

[[package]]
name = "bytemuck_derive"
version = "1.10.1"
source = "registry+https://github.com/rust-lang/crates.io-index"
checksum = "4f154e572231cb6ba2bd1176980827e3d5dc04cc183a75dea38109fbdd672d29"
dependencies = [
 "proc-macro2",
 "quote",
 "syn 2.0.106",
]

[[package]]
name = "constant-product-curve"
version = "0.1.0"
source = "git+https://github.com/deanmlittle/constant-product-curve.git#2a723a0ff5ad522f657f80c053c2bb290da28b70"

[[package]]
name = "five8_const"
version = "0.1.4"
source = "registry+https://github.com/rust-lang/crates.io-index"
checksum = "26dec3da8bc3ef08f2c04f61eab298c3ab334523e55f076354d6d6f613799a7b"
dependencies = [
 "five8_core",
]

[[package]]
name = "five8_core"
version = "0.1.2"
source = "registry+https://github.com/rust-lang/crates.io-index"
checksum = "2551bf44bc5f776c15044b9b94153a00198be06743e262afaaa61f11ac7523a5"

[[package]]
name = "pinocchio"
version = "0.9.2"
source = "registry+https://github.com/rust-lang/crates.io-index"
checksum = "5b971851087bc3699b001954ad02389d50c41405ece3548cbcafc88b3e20017a"

[[package]]
name = "pinocchio-pubkey"
version = "0.3.0"
source = "registry+https://github.com/rust-lang/crates.io-index"
checksum = "cb0225638cadcbebae8932cb7f49cb5da7c15c21beb19f048f05a5ca7d93f065"
dependencies = [
 "five8_const",
 "pinocchio",
 "sha2-const-stable",
]

[[package]]
name = "pinocchio-system"
version = "0.3.0"
source = "registry+https://github.com/rust-lang/crates.io-index"
checksum = "141ed5eafb4ab04568bb0e224e3dc9a9de13c933de4c004e0d1a553498be3a7c"
dependencies = [
 "pinocchio",
 "pinocchio-pubkey",
]

[[package]]
name = "pinocchio-token-2022"
version = "0.1.0"
source = "registry+https://github.com/rust-lang/crates.io-index"
checksum = "0aec08d3b6eddafdacc17bd5b7842050394b0199062a3cc20428f1c40c9dbe7d"
dependencies = [
 "pinocchio",
 "pinocchio-pubkey",
]

[[package]]
name = "proc-macro2"
version = "1.0.101"
source = "registry+https://github.com/rust-lang/crates.io-index"
checksum = "89ae43fd86e4158d6db51ad8e2b80f313af9cc74f5c0e03ccb87de09998732de"
dependencies = [
 "unicode-ident",
]

[[package]]
name = "quote"
version = "1.0.40"
source = "registry+https://github.com/rust-lang/crates.io-index"
checksum = "1885c039570dc00dcb4ff087a89e185fd56bae234ddc7f056a945bf36467248d"
dependencies = [
 "proc-macro2",
]

[[package]]
name = "serde"
version = "1.0.223"
source = "registry+https://github.com/rust-lang/crates.io-index"
checksum = "a505d71960adde88e293da5cb5eda57093379f64e61cf77bf0e6a63af07a7bac"
dependencies = [
 "serde_core",
 "serde_derive",
]

[[package]]
name = "serde_core"
version = "1.0.223"
source = "registry+https://github.com/rust-lang/crates.io-index"
checksum = "20f57cbd357666aa7b3ac84a90b4ea328f1d4ddb6772b430caa5d9e1309bb9e9"
dependencies = [
 "serde_derive",
]

[[package]]
name = "serde_derive"
version = "1.0.223"
source = "registry+https://github.com/rust-lang/crates.io-index"
checksum = "3d428d07faf17e306e699ec1e91996e5a165ba5d6bce5b5155173e91a8a01a56"
dependencies = [
 "proc-macro2",
 "quote",
 "syn 2.0.106",
]

[[package]]
name = "sha2-const-stable"
version = "0.1.0"
source = "registry+https://github.com/rust-lang/crates.io-index"
checksum = "5f179d4e11094a893b82fff208f74d448a7512f99f5a0acbd5c679b705f83ed9"

[[package]]
name = "shank"
version = "0.4.5"
source = "registry+https://github.com/rust-lang/crates.io-index"
checksum = "acacd11d5f6c23c917cba20b5958cc24a63ecbc9f4b5e0692b41bd8016eb44d5"
dependencies = [
 "shank_macro",
]

[[package]]
name = "shank_macro"
version = "0.4.5"
source = "registry+https://github.com/rust-lang/crates.io-index"
checksum = "7b9249dc9a94754dac8b18085d33a25038915877669564a17732e02c67fea036"
dependencies = [
 "proc-macro2",
 "quote",
 "shank_macro_impl",
 "shank_render",
 "syn 1.0.109",
]

[[package]]
name = "shank_macro_impl"
version = "0.4.5"
source = "registry+https://github.com/rust-lang/crates.io-index"
checksum = "eb6a32de33f7c537e68c5061c99bf9859b19a725fa78d5c8282b16fbf9455fc5"
dependencies = [
 "anyhow",
 "proc-macro2",
 "quote",
 "serde",
 "syn 1.0.109",
]

[[package]]
name = "shank_render"
version = "0.4.5"
source = "registry+https://github.com/rust-lang/crates.io-index"
checksum = "7809e7ac6f979b0e3d9ddba8a4e8e73fe239f62bef9d953784e516ff08f526e4"
dependencies = [
 "proc-macro2",
 "quote",
 "shank_macro_impl",
]

[[package]]
name = "syn"
version = "1.0.109"
source = "registry+https://github.com/rust-lang/crates.io-index"
checksum = "72b64191b275b66ffe2469e8af2c1cfe3bafa67b529ead792a6d0160888b4237"
dependencies = [
 "proc-macro2",
 "quote",
 "unicode-ident",
]

[[package]]
name = "syn"
version = "2.0.106"
source = "registry+https://github.com/rust-lang/crates.io-index"
checksum = "ede7c438028d4436d71104916910f5bb611972c5cfd7f89b8300a8186e6fada6"
dependencies = [
 "proc-macro2",
 "quote",
 "unicode-ident",
]

[[package]]
name = "unicode-ident"
version = "1.0.19"
source = "registry+https://github.com/rust-lang/crates.io-index"
checksum = "f63a545481291138910575129486daeaf8ac54aee4387fe7906919f7830c7d9d"
